{
  "name": "tiny-lru",
  "version": "11.4.7",
  "lockfileVersion": 3,
  "requires": true,
  "packages": {
    "": {
      "name": "tiny-lru",
      "version": "11.4.7",
      "license": "BSD-3-Clause",
      "devDependencies": {
        "@rollup/plugin-terser": "^1.0.0",
        "auto-changelog": "^2.5.0",
        "husky": "^9.1.7",
        "oxfmt": "^0.16.0",
        "oxlint": "^0.16.0",
        "rollup": "^4.43.0",
        "tinybench": "^6.0.0"
      },
      "engines": {
        "node": ">=12"
      }
    },
    "node_modules/@jridgewell/gen-mapping": {
      "version": "0.3.5",
      "resolved": "https://registry.npmjs.org/@jridgewell/gen-mapping/-/gen-mapping-0.3.5.tgz",
      "integrity": "sha512-IzL8ZoEDIBRWEzlCcRhOaCupYyN5gdIK+Q6fbFdPDg6HqX6jpkItn7DFIpW9LQzXG6Df9sA7+OKnq0qlz/GaQg==",
      "dev": true,
      "dependencies": {
        "@jridgewell/set-array": "^1.2.1",
        "@jridgewell/sourcemap-codec": "^1.4.10",
        "@jridgewell/trace-mapping": "^0.3.24"
      },
      "engines": {
        "node": ">=6.0.0"
      }
    },
    "node_modules/@jridgewell/resolve-uri": {
      "version": "3.1.1",
      "dev": true,
      "license": "MIT",
      "engines": {
        "node": ">=6.0.0"
      }
    },
    "node_modules/@jridgewell/set-array": {
      "version": "1.2.1",
      "resolved": "https://registry.npmjs.org/@jridgewell/set-array/-/set-array-1.2.1.tgz",
      "integrity": "sha512-R8gLRTZeyp03ymzP/6Lil/28tGeGEzhx1q2k703KGWRAI1VdvPIXdG70VJc2pAMw3NA6JKL5hhFu1sJX0Mnn/A==",
      "dev": true,
      "engines": {
        "node": ">=6.0.0"
      }
    },
    "node_modules/@jridgewell/source-map": {
      "version": "0.3.5",
      "dev": true,
      "license": "MIT",
      "dependencies": {
        "@jridgewell/gen-mapping": "^0.3.0",
        "@jridgewell/trace-mapping": "^0.3.9"
      }
    },
    "node_modules/@jridgewell/sourcemap-codec": {
      "version": "1.4.15",
      "dev": true,
      "license": "MIT"
    },
    "node_modules/@jridgewell/trace-mapping": {
      "version": "0.3.25",
      "resolved": "https://registry.npmjs.org/@jridgewell/trace-mapping/-/trace-mapping-0.3.25.tgz",
      "integrity": "sha512-vNk6aEwybGtawWmy/PzwnGDOjCkLWSD2wqvjGGAgOAwCGWySYXfYoxt00IJkTF+8Lb57DwOb3Aa0o9CApepiYQ==",
      "dev": true,
      "dependencies": {
        "@jridgewell/resolve-uri": "^3.1.0",
        "@jridgewell/sourcemap-codec": "^1.4.14"
      }
    },
    "node_modules/@oxfmt/darwin-arm64": {
      "version": "0.16.0",
      "resolved": "https://registry.npmjs.org/@oxfmt/darwin-arm64/-/darwin-arm64-0.16.0.tgz",
      "integrity": "sha512-I+Unj7wePcUTK7p/YKtgbm4yer6dw7dTlmCJa0UilFZyge5uD4rwCSfSDx3A+a6Z3A60/SqXMbNR2UyidWF4Cg==",
      "cpu": [
        "arm64"
      ],
      "dev": true,
      "license": "MIT",
      "optional": true,
      "os": [
        "darwin"
      ]
    },
    "node_modules/@oxfmt/darwin-x64": {
      "version": "0.16.0",
      "resolved": "https://registry.npmjs.org/@oxfmt/darwin-x64/-/darwin-x64-0.16.0.tgz",
      "integrity": "sha512-EfiXFKEOV5gXgEatFK89OOoSmd8E9Xq83TcjPLWQNFBO4cgaQsfKmctpgJmJjQnoUwD7nQsm0ruj3ae7Gva8QA==",
      "cpu": [
        "x64"
      ],
      "dev": true,
      "license": "MIT",
      "optional": true,
      "os": [
        "darwin"
      ]
    },
    "node_modules/@oxfmt/linux-arm64-gnu": {
      "version": "0.16.0",
      "resolved": "https://registry.npmjs.org/@oxfmt/linux-arm64-gnu/-/linux-arm64-gnu-0.16.0.tgz",
      "integrity": "sha512-ydcNY9Fn/8TjVswANhdSh+zdgD3tiikNQA68bgXbENHuV3RyYql1qoOM1eGv5xeIVJfkPJme17MKQz3OwMFS4A==",
      "cpu": [
        "arm64"
      ],
      "dev": true,
      "libc": [
        "glibc"
      ],
      "license": "MIT",
      "optional": true,
      "os": [
        "linux"
      ]
    },
    "node_modules/@oxfmt/linux-arm64-musl": {
      "version": "0.16.0",
      "resolved": "https://registry.npmjs.org/@oxfmt/linux-arm64-musl/-/linux-arm64-musl-0.16.0.tgz",
      "integrity": "sha512-I9WeYe1/YnrfXgXVaKkZITZzil0G0g9IknS2KJbq1lOnpTw3dwViXZ7XMa2cq6Mv7S+4SoDImb7fLQ59AfVX/w==",
      "cpu": [
        "arm64"
      ],
      "dev": true,
      "libc": [
        "musl"
      ],
      "license": "MIT",
      "optional": true,
      "os": [
        "linux"
      ]
    },
    "node_modules/@oxfmt/linux-x64-gnu": {
      "version": "0.16.0",
      "resolved": "https://registry.npmjs.org/@oxfmt/linux-x64-gnu/-/linux-x64-gnu-0.16.0.tgz",
      "integrity": "sha512-Szg9lJtZdN5FoCnNbl3N/2pJv8d056NUmk51m60E2tZV7rvwRTrNC8HPc2sVdb1Ti5ogsicpZDYSWA3cwIrJIQ==",
      "cpu": [
        "x64"
      ],
      "dev": true,
      "libc": [
        "glibc"
      ],
      "license": "MIT",
      "optional": true,
      "os": [
        "linux"
      ]
    },
    "node_modules/@oxfmt/linux-x64-musl": {
      "version": "0.16.0",
      "resolved": "https://registry.npmjs.org/@oxfmt/linux-x64-musl/-/linux-x64-musl-0.16.0.tgz",
      "integrity": "sha512-5koN8nl21ZxOADaMxXHT+mt3YjfXe1nsa23Fanf9aY7B0hcQ6rXYCZ7r5vmpoTtzW/US3aaVcRFZE1cyof+lKw==",
      "cpu": [
        "x64"
      ],
      "dev": true,
      "libc": [
        "musl"
      ],
      "license": "MIT",
      "optional": true,
      "os": [
        "linux"
      ]
    },
    "node_modules/@oxfmt/win32-arm64": {
      "version": "0.16.0",
      "resolved": "https://registry.npmjs.org/@oxfmt/win32-arm64/-/win32-arm64-0.16.0.tgz",
      "integrity": "sha512-Jaesn+FYn+MudSmWJMPGBAa0PhQXo52Z0ZYeNfzbQP7v2GFbZBI3Cb87+K0aHGlpqK3VEJKXeIaASaTWlkgO1Q==",
      "cpu": [
        "arm64"
      ],
      "dev": true,
      "license": "MIT",
      "optional": true,
      "os": [
        "win32"
      ]
    },
    "node_modules/@oxfmt/win32-x64": {
      "version": "0.16.0",
      "resolved": "https://registry.npmjs.org/@oxfmt/win32-x64/-/win32-x64-0.16.0.tgz",
      "integrity": "sha512-1obVSlb5blwBKgSsE1mNxvcq1pK9I6aXpZDy5d6jjGdrru33dHrH1ASChrcxwCukkToH2SxwYmnzAto0xeuZlw==",
      "cpu": [
        "x64"
      ],
      "dev": true,
      "license": "MIT",
      "optional": true,
      "os": [
        "win32"
      ]
    },
    "node_modules/@oxlint/darwin-arm64": {
      "version": "0.16.12",
      "resolved": "https://registry.npmjs.org/@oxlint/darwin-arm64/-/darwin-arm64-0.16.12.tgz",
      "integrity": "sha512-G7phYhlIA4ke2nW7tHLl+E5+rvdzgGA6830D+e+y1RGllT0w2ONGdKcVTj+2pXGCw6yPmCC5fDsDEn2+RPTfxg==",
      "cpu": [
        "arm64"
      ],
      "dev": true,
      "license": "MIT",
      "optional": true,
      "os": [
        "darwin"
      ]
    },
    "node_modules/@oxlint/darwin-x64": {
      "version": "0.16.12",
      "resolved": "https://registry.npmjs.org/@oxlint/darwin-x64/-/darwin-x64-0.16.12.tgz",
      "integrity": "sha512-P/LSOgJ6SzQ3OKEIf3HsebgokZiZ5nDuTgIL4LpNCHlkOLDu/fT8XL9pSkR5y+60v0SOxUF/+aN0Q8EmxblrCw==",
      "cpu": [
        "x64"
      ],
      "dev": true,
      "license": "MIT",
      "optional": true,
      "os": [
        "darwin"
      ]
    },
    "node_modules/@oxlint/linux-arm64-gnu": {
      "version": "0.16.12",
      "resolved": "https://registry.npmjs.org/@oxlint/linux-arm64-gnu/-/linux-arm64-gnu-0.16.12.tgz",
      "integrity": "sha512-0N/ZsW+cL7ZAUvOHbzMp3iApt5b/Q81q2e9RgEzkI6gUDCJK8/blWg0se/i6y9e24WH0ZC4bcxY1+Qz4ZQ+mFw==",
      "cpu": [
        "arm64"
      ],
      "dev": true,
      "libc": [
        "glibc"
      ],
      "license": "MIT",
      "optional": true,
      "os": [
        "linux"
      ]
    },
    "node_modules/@oxlint/linux-arm64-musl": {
      "version": "0.16.12",
      "resolved": "https://registry.npmjs.org/@oxlint/linux-arm64-musl/-/linux-arm64-musl-0.16.12.tgz",
      "integrity": "sha512-MoG1SIw4RGowsOsPjm5HjRWymisRZWBea7ewMoXA5xIVQ3eqECifG0KJW0OZp96Ad8DFBEavdlNuImB2uXsMwg==",
      "cpu": [
        "arm64"
      ],
      "dev": true,
      "libc": [
        "musl"
      ],
      "license": "MIT",
      "optional": true,
      "os": [
        "linux"
      ]
    },
    "node_modules/@oxlint/linux-x64-gnu": {
      "version": "0.16.12",
      "resolved": "https://registry.npmjs.org/@oxlint/linux-x64-gnu/-/linux-x64-gnu-0.16.12.tgz",
      "integrity": "sha512-STho8QdMLfn/0lqRU94tGPaYX8lGJccPbqeUcEr3eK5gZ5ZBdXmiHlvkcngXFEXksYC8/5VoJN7Vf3HsmkEskw==",
      "cpu": [
        "x64"
      ],
      "dev": true,
      "libc": [
        "glibc"
      ],
      "license": "MIT",
      "optional": true,
      "os": [
        "linux"
      ]
    },
    "node_modules/@oxlint/linux-x64-musl": {
      "version": "0.16.12",
      "resolved": "https://registry.npmjs.org/@oxlint/linux-x64-musl/-/linux-x64-musl-0.16.12.tgz",
      "integrity": "sha512-i7pzSoj9nCg/ZzOe8dCZeFWyRRWDylR9tIX04xRTq3G6PBLm6i9VrOdEkxbgM9+pCkRzUc0a9D7rbtCF34TQUA==",
      "cpu": [
        "x64"
      ],
      "dev": true,
      "libc": [
        "musl"
      ],
      "license": "MIT",
      "optional": true,
      "os": [
        "linux"
      ]
    },
    "node_modules/@oxlint/win32-arm64": {
      "version": "0.16.12",
      "resolved": "https://registry.npmjs.org/@oxlint/win32-arm64/-/win32-arm64-0.16.12.tgz",
      "integrity": "sha512-wcxq3IBJ7ZlONlXJxQM+7EMx+LX1nkz3ZS3R0EtDM76EOZaqe8BMkW5cXVhF8jarZTZC18oKAckW4Ng9d8adBg==",
      "cpu": [
        "arm64"
      ],
      "dev": true,
      "license": "MIT",
      "optional": true,
      "os": [
        "win32"
      ]
    },
    "node_modules/@oxlint/win32-x64": {
      "version": "0.16.12",
      "resolved": "https://registry.npmjs.org/@oxlint/win32-x64/-/win32-x64-0.16.12.tgz",
      "integrity": "sha512-Ae1fx7wmAcMVqzS8rLINaFRpAdh29QzHh133bEYMHzfWBYyK/hLu9g4GLwC/lEIVQu9884b8qutGfdOk6Qia3w==",
      "cpu": [
        "x64"
      ],
      "dev": true,
      "license": "MIT",
      "optional": true,
      "os": [
        "win32"
      ]
    },
    "node_modules/@rollup/plugin-terser": {
      "version": "1.0.0",
      "resolved": "https://registry.npmjs.org/@rollup/plugin-terser/-/plugin-terser-1.0.0.tgz",
      "integrity": "sha512-FnCxhTBx6bMOYQrar6C8h3scPt8/JwIzw3+AJ2K++6guogH5fYaIFia+zZuhqv0eo1RN7W1Pz630SyvLbDjhtQ==",
      "dev": true,
      "license": "MIT",
      "dependencies": {
        "serialize-javascript": "^7.0.3",
        "smob": "^1.0.0",
        "terser": "^5.17.4"
      },
      "engines": {
        "node": ">=20.0.0"
      },
      "peerDependencies": {
        "rollup": "^2.0.0||^3.0.0||^4.0.0"
      },
      "peerDependenciesMeta": {
        "rollup": {
          "optional": true
        }
      }
    },
    "node_modules/@rollup/plugin-terser/node_modules/serialize-javascript": {
      "version": "7.0.4",
      "resolved": "https://registry.npmjs.org/serialize-javascript/-/serialize-javascript-7.0.4.tgz",
      "integrity": "sha512-DuGdB+Po43Q5Jxwpzt1lhyFSYKryqoNjQSA9M92tyw0lyHIOur+XCalOUe0KTJpyqzT8+fQ5A0Jf7vCx/NKmIg==",
      "dev": true,
      "license": "BSD-3-Clause",
      "engines": {
        "node": ">=20.0.0"
      }
    },
    "node_modules/@rollup/rollup-android-arm-eabi": {
      "version": "4.59.0",
      "resolved": "https://registry.npmjs.org/@rollup/rollup-android-arm-eabi/-/rollup-android-arm-eabi-4.59.0.tgz",
      "integrity": "sha512-upnNBkA6ZH2VKGcBj9Fyl9IGNPULcjXRlg0LLeaioQWueH30p6IXtJEbKAgvyv+mJaMxSm1l6xwDXYjpEMiLMg==",
      "cpu": [
        "arm"
      ],
      "dev": true,
      "license": "MIT",
      "optional": true,
      "os": [
        "android"
      ]
    },
    "node_modules/@rollup/rollup-android-arm64": {
      "version": "4.59.0",
      "resolved": "https://registry.npmjs.org/@rollup/rollup-android-arm64/-/rollup-android-arm64-4.59.0.tgz",
      "integrity": "sha512-hZ+Zxj3SySm4A/DylsDKZAeVg0mvi++0PYVceVyX7hemkw7OreKdCvW2oQ3T1FMZvCaQXqOTHb8qmBShoqk69Q==",
      "cpu": [
        "arm64"
      ],
      "dev": true,
      "license": "MIT",
      "optional": true,
      "os": [
        "android"
      ]
    },
    "node_modules/@rollup/rollup-darwin-arm64": {
      "version": "4.59.0",
      "resolved": "https://registry.npmjs.org/@rollup/rollup-darwin-arm64/-/rollup-darwin-arm64-4.59.0.tgz",
      "integrity": "sha512-W2Psnbh1J8ZJw0xKAd8zdNgF9HRLkdWwwdWqubSVk0pUuQkoHnv7rx4GiF9rT4t5DIZGAsConRE3AxCdJ4m8rg==",
      "cpu": [
        "arm64"
      ],
      "dev": true,
      "license": "MIT",
      "optional": true,
      "os": [
        "darwin"
      ]
    },
    "node_modules/@rollup/rollup-darwin-x64": {
      "version": "4.59.0",
      "resolved": "https://registry.npmjs.org/@rollup/rollup-darwin-x64/-/rollup-darwin-x64-4.59.0.tgz",
      "integrity": "sha512-ZW2KkwlS4lwTv7ZVsYDiARfFCnSGhzYPdiOU4IM2fDbL+QGlyAbjgSFuqNRbSthybLbIJ915UtZBtmuLrQAT/w==",
      "cpu": [
        "x64"
      ],
      "dev": true,
      "license": "MIT",
      "optional": true,
      "os": [
        "darwin"
      ]
    },
    "node_modules/@rollup/rollup-freebsd-arm64": {
      "version": "4.59.0",
      "resolved": "https://registry.npmjs.org/@rollup/rollup-freebsd-arm64/-/rollup-freebsd-arm64-4.59.0.tgz",
      "integrity": "sha512-EsKaJ5ytAu9jI3lonzn3BgG8iRBjV4LxZexygcQbpiU0wU0ATxhNVEpXKfUa0pS05gTcSDMKpn3Sx+QB9RlTTA==",
      "cpu": [
        "arm64"
      ],
      "dev": true,
      "license": "MIT",
      "optional": true,
      "os": [
        "freebsd"
      ]
    },
    "node_modules/@rollup/rollup-freebsd-x64": {
      "version": "4.59.0",
      "resolved": "https://registry.npmjs.org/@rollup/rollup-freebsd-x64/-/rollup-freebsd-x64-4.59.0.tgz",
      "integrity": "sha512-d3DuZi2KzTMjImrxoHIAODUZYoUUMsuUiY4SRRcJy6NJoZ6iIqWnJu9IScV9jXysyGMVuW+KNzZvBLOcpdl3Vg==",
      "cpu": [
        "x64"
      ],
      "dev": true,
      "license": "MIT",
      "optional": true,
      "os": [
        "freebsd"
      ]
    },
    "node_modules/@rollup/rollup-linux-arm-gnueabihf": {
      "version": "4.59.0",
      "resolved": "https://registry.npmjs.org/@rollup/rollup-linux-arm-gnueabihf/-/rollup-linux-arm-gnueabihf-4.59.0.tgz",
      "integrity": "sha512-t4ONHboXi/3E0rT6OZl1pKbl2Vgxf9vJfWgmUoCEVQVxhW6Cw/c8I6hbbu7DAvgp82RKiH7TpLwxnJeKv2pbsw==",
      "cpu": [
        "arm"
      ],
      "dev": true,
      "libc": [
        "glibc"
      ],
      "license": "MIT",
      "optional": true,
      "os": [
        "linux"
      ]
    },
    "node_modules/@rollup/rollup-linux-arm-musleabihf": {
      "version": "4.59.0",
      "resolved": "https://registry.npmjs.org/@rollup/rollup-linux-arm-musleabihf/-/rollup-linux-arm-musleabihf-4.59.0.tgz",
      "integrity": "sha512-CikFT7aYPA2ufMD086cVORBYGHffBo4K8MQ4uPS/ZnY54GKj36i196u8U+aDVT2LX4eSMbyHtyOh7D7Zvk2VvA==",
      "cpu": [
        "arm"
      ],
      "dev": true,
      "libc": [
        "musl"
      ],
      "license": "MIT",
      "optional": true,
      "os": [
        "linux"
      ]
    },
    "node_modules/@rollup/rollup-linux-arm64-gnu": {
      "version": "4.59.0",
      "resolved": "https://registry.npmjs.org/@rollup/rollup-linux-arm64-gnu/-/rollup-linux-arm64-gnu-4.59.0.tgz",
      "integrity": "sha512-jYgUGk5aLd1nUb1CtQ8E+t5JhLc9x5WdBKew9ZgAXg7DBk0ZHErLHdXM24rfX+bKrFe+Xp5YuJo54I5HFjGDAA==",
      "cpu": [
        "arm64"
      ],
      "dev": true,
      "libc": [
        "glibc"
      ],
      "license": "MIT",
      "optional": true,
      "os": [
        "linux"
      ]
    },
    "node_modules/@rollup/rollup-linux-arm64-musl": {
      "version": "4.59.0",
      "resolved": "https://registry.npmjs.org/@rollup/rollup-linux-arm64-musl/-/rollup-linux-arm64-musl-4.59.0.tgz",
      "integrity": "sha512-peZRVEdnFWZ5Bh2KeumKG9ty7aCXzzEsHShOZEFiCQlDEepP1dpUl/SrUNXNg13UmZl+gzVDPsiCwnV1uI0RUA==",
      "cpu": [
        "arm64"
      ],
      "dev": true,
      "libc": [
        "musl"
      ],
      "license": "MIT",
      "optional": true,
      "os": [
        "linux"
      ]
    },
    "node_modules/@rollup/rollup-linux-loong64-gnu": {
      "version": "4.59.0",
      "resolved": "https://registry.npmjs.org/@rollup/rollup-linux-loong64-gnu/-/rollup-linux-loong64-gnu-4.59.0.tgz",
      "integrity": "sha512-gbUSW/97f7+r4gHy3Jlup8zDG190AuodsWnNiXErp9mT90iCy9NKKU0Xwx5k8VlRAIV2uU9CsMnEFg/xXaOfXg==",
      "cpu": [
        "loong64"
      ],
      "dev": true,
      "libc": [
        "glibc"
      ],
      "license": "MIT",
      "optional": true,
      "os": [
        "linux"
      ]
    },
    "node_modules/@rollup/rollup-linux-loong64-musl": {
      "version": "4.59.0",
      "resolved": "https://registry.npmjs.org/@rollup/rollup-linux-loong64-musl/-/rollup-linux-loong64-musl-4.59.0.tgz",
      "integrity": "sha512-yTRONe79E+o0FWFijasoTjtzG9EBedFXJMl888NBEDCDV9I2wGbFFfJQQe63OijbFCUZqxpHz1GzpbtSFikJ4Q==",
      "cpu": [
        "loong64"
      ],
      "dev": true,
      "libc": [
        "musl"
      ],
      "license": "MIT",
      "optional": true,
      "os": [
        "linux"
      ]
    },
    "node_modules/@rollup/rollup-linux-ppc64-gnu": {
      "version": "4.59.0",
      "resolved": "https://registry.npmjs.org/@rollup/rollup-linux-ppc64-gnu/-/rollup-linux-ppc64-gnu-4.59.0.tgz",
      "integrity": "sha512-sw1o3tfyk12k3OEpRddF68a1unZ5VCN7zoTNtSn2KndUE+ea3m3ROOKRCZxEpmT9nsGnogpFP9x6mnLTCaoLkA==",
      "cpu": [
        "ppc64"
      ],
      "dev": true,
      "libc": [
        "glibc"
      ],
      "license": "MIT",
      "optional": true,
      "os": [
        "linux"
      ]
    },
    "node_modules/@rollup/rollup-linux-ppc64-musl": {
      "version": "4.59.0",
      "resolved": "https://registry.npmjs.org/@rollup/rollup-linux-ppc64-musl/-/rollup-linux-ppc64-musl-4.59.0.tgz",
      "integrity": "sha512-+2kLtQ4xT3AiIxkzFVFXfsmlZiG5FXYW7ZyIIvGA7Bdeuh9Z0aN4hVyXS/G1E9bTP/vqszNIN/pUKCk/BTHsKA==",
      "cpu": [
        "ppc64"
      ],
      "dev": true,
      "libc": [
        "musl"
      ],
      "license": "MIT",
      "optional": true,
      "os": [
        "linux"
      ]
    },
    "node_modules/@rollup/rollup-linux-riscv64-gnu": {
      "version": "4.59.0",
      "resolved": "https://registry.npmjs.org/@rollup/rollup-linux-riscv64-gnu/-/rollup-linux-riscv64-gnu-4.59.0.tgz",
      "integrity": "sha512-NDYMpsXYJJaj+I7UdwIuHHNxXZ/b/N2hR15NyH3m2qAtb/hHPA4g4SuuvrdxetTdndfj9b1WOmy73kcPRoERUg==",
      "cpu": [
        "riscv64"
      ],
      "dev": true,
      "libc": [
        "glibc"
      ],
      "license": "MIT",
      "optional": true,
      "os": [
        "linux"
      ]
    },
    "node_modules/@rollup/rollup-linux-riscv64-musl": {
      "version": "4.59.0",
      "resolved": "https://registry.npmjs.org/@rollup/rollup-linux-riscv64-musl/-/rollup-linux-riscv64-musl-4.59.0.tgz",
      "integrity": "sha512-nLckB8WOqHIf1bhymk+oHxvM9D3tyPndZH8i8+35p/1YiVoVswPid2yLzgX7ZJP0KQvnkhM4H6QZ5m0LzbyIAg==",
      "cpu": [
        "riscv64"
      ],
      "dev": true,
      "libc": [
        "musl"
      ],
      "license": "MIT",
      "optional": true,
      "os": [
        "linux"
      ]
    },
    "node_modules/@rollup/rollup-linux-s390x-gnu": {
      "version": "4.59.0",
      "resolved": "https://registry.npmjs.org/@rollup/rollup-linux-s390x-gnu/-/rollup-linux-s390x-gnu-4.59.0.tgz",
      "integrity": "sha512-oF87Ie3uAIvORFBpwnCvUzdeYUqi2wY6jRFWJAy1qus/udHFYIkplYRW+wo+GRUP4sKzYdmE1Y3+rY5Gc4ZO+w==",
      "cpu": [
        "s390x"
      ],
      "dev": true,
      "libc": [
        "glibc"
      ],
      "license": "MIT",
      "optional": true,
      "os": [
        "linux"
      ]
    },
    "node_modules/@rollup/rollup-linux-x64-gnu": {
      "version": "4.59.0",
      "resolved": "https://registry.npmjs.org/@rollup/rollup-linux-x64-gnu/-/rollup-linux-x64-gnu-4.59.0.tgz",
      "integrity": "sha512-3AHmtQq/ppNuUspKAlvA8HtLybkDflkMuLK4DPo77DfthRb71V84/c4MlWJXixZz4uruIH4uaa07IqoAkG64fg==",
      "cpu": [
        "x64"
      ],
      "dev": true,
      "license": "MIT",
      "optional": true,
      "os": [
        "linux"
      ]
    },
    "node_modules/@rollup/rollup-linux-x64-musl": {
      "version": "4.59.0",
      "resolved": "https://registry.npmjs.org/@rollup/rollup-linux-x64-musl/-/rollup-linux-x64-musl-4.59.0.tgz",
      "integrity": "sha512-2UdiwS/9cTAx7qIUZB/fWtToJwvt0Vbo0zmnYt7ED35KPg13Q0ym1g442THLC7VyI6JfYTP4PiSOWyoMdV2/xg==",
      "cpu": [
        "x64"
      ],
      "dev": true,
      "license": "MIT",
      "optional": true,
      "os": [
        "linux"
      ]
    },
    "node_modules/@rollup/rollup-openbsd-x64": {
      "version": "4.59.0",
      "resolved": "https://registry.npmjs.org/@rollup/rollup-openbsd-x64/-/rollup-openbsd-x64-4.59.0.tgz",
      "integrity": "sha512-M3bLRAVk6GOwFlPTIxVBSYKUaqfLrn8l0psKinkCFxl4lQvOSz8ZrKDz2gxcBwHFpci0B6rttydI4IpS4IS/jQ==",
      "cpu": [
        "x64"
      ],
      "dev": true,
      "license": "MIT",
      "optional": true,
      "os": [
        "openbsd"
      ]
    },
    "node_modules/@rollup/rollup-openharmony-arm64": {
      "version": "4.59.0",
      "resolved": "https://registry.npmjs.org/@rollup/rollup-openharmony-arm64/-/rollup-openharmony-arm64-4.59.0.tgz",
      "integrity": "sha512-tt9KBJqaqp5i5HUZzoafHZX8b5Q2Fe7UjYERADll83O4fGqJ49O1FsL6LpdzVFQcpwvnyd0i+K/VSwu/o/nWlA==",
      "cpu": [
        "arm64"
      ],
      "dev": true,
      "license": "MIT",
      "optional": true,
      "os": [
        "openharmony"
      ]
    },
    "node_modules/@rollup/rollup-win32-arm64-msvc": {
      "version": "4.59.0",
      "resolved": "https://registry.npmjs.org/@rollup/rollup-win32-arm64-msvc/-/rollup-win32-arm64-msvc-4.59.0.tgz",
      "integrity": "sha512-V5B6mG7OrGTwnxaNUzZTDTjDS7F75PO1ae6MJYdiMu60sq0CqN5CVeVsbhPxalupvTX8gXVSU9gq+Rx1/hvu6A==",
      "cpu": [
        "arm64"
      ],
      "dev": true,
      "license": "MIT",
      "optional": true,
      "os": [
        "win32"
      ]
    },
    "node_modules/@rollup/rollup-win32-ia32-msvc": {
      "version": "4.59.0",
      "resolved": "https://registry.npmjs.org/@rollup/rollup-win32-ia32-msvc/-/rollup-win32-ia32-msvc-4.59.0.tgz",
      "integrity": "sha512-UKFMHPuM9R0iBegwzKF4y0C4J9u8C6MEJgFuXTBerMk7EJ92GFVFYBfOZaSGLu6COf7FxpQNqhNS4c4icUPqxA==",
      "cpu": [
        "ia32"
      ],
      "dev": true,
      "license": "MIT",
      "optional": true,
      "os": [
        "win32"
      ]
    },
    "node_modules/@rollup/rollup-win32-x64-gnu": {
      "version": "4.59.0",
      "resolved": "https://registry.npmjs.org/@rollup/rollup-win32-x64-gnu/-/rollup-win32-x64-gnu-4.59.0.tgz",
      "integrity": "sha512-laBkYlSS1n2L8fSo1thDNGrCTQMmxjYY5G0WFWjFFYZkKPjsMBsgJfGf4TLxXrF6RyhI60L8TMOjBMvXiTcxeA==",
      "cpu": [
        "x64"
      ],
      "dev": true,
      "license": "MIT",
      "optional": true,
      "os": [
        "win32"
      ]
    },
    "node_modules/@rollup/rollup-win32-x64-msvc": {
      "version": "4.59.0",
      "resolved": "https://registry.npmjs.org/@rollup/rollup-win32-x64-msvc/-/rollup-win32-x64-msvc-4.59.0.tgz",
      "integrity": "sha512-2HRCml6OztYXyJXAvdDXPKcawukWY2GpR5/nxKp4iBgiO3wcoEGkAaqctIbZcNB6KlUQBIqt8VYkNSj2397EfA==",
      "cpu": [
        "x64"
      ],
      "dev": true,
      "license": "MIT",
      "optional": true,
      "os": [
        "win32"
      ]
    },
    "node_modules/@types/estree": {
      "version": "1.0.8",
      "resolved": "https://registry.npmjs.org/@types/estree/-/estree-1.0.8.tgz",
      "integrity": "sha512-dWHzHa2WqEXI/O1E9OjrocMTKJl2mSrEolh1Iomrv6U+JuNwaHXsXx9bLu5gG7BUWFIN0skIQJQ/L1rIex4X6w==",
      "dev": true,
      "license": "MIT"
    },
    "node_modules/acorn": {
      "version": "8.15.0",
      "resolved": "https://registry.npmjs.org/acorn/-/acorn-8.15.0.tgz",
      "integrity": "sha512-NZyJarBfL7nWwIq+FDL6Zp/yHEhePMNnnJ0y3qfieCrmNvYct8uvtiV41UvlSe6apAfk0fY1FbWx+NwfmpvtTg==",
      "dev": true,
      "license": "MIT",
      "bin": {
        "acorn": "bin/acorn"
      },
      "engines": {
        "node": ">=0.4.0"
      }
    },
    "node_modules/auto-changelog": {
      "version": "2.5.0",
      "resolved": "https://registry.npmjs.org/auto-changelog/-/auto-changelog-2.5.0.tgz",
      "integrity": "sha512-UTnLjT7I9U2U/xkCUH5buDlp8C7g0SGChfib+iDrJkamcj5kaMqNKHNfbKJw1kthJUq8sUo3i3q2S6FzO/l/wA==",
      "dev": true,
      "dependencies": {
        "commander": "^7.2.0",
        "handlebars": "^4.7.7",
        "import-cwd": "^3.0.0",
        "node-fetch": "^2.6.1",
        "parse-github-url": "^1.0.3",
        "semver": "^7.3.5"
      },
      "bin": {
        "auto-changelog": "src/index.js"
      },
      "engines": {
        "node": ">=8.3"
      }
    },
    "node_modules/buffer-from": {
      "version": "1.1.2",
      "dev": true,
      "license": "MIT"
    },
    "node_modules/commander": {
      "version": "7.2.0",
      "dev": true,
      "license": "MIT",
      "engines": {
        "node": ">= 10"
      }
    },
    "node_modules/fsevents": {
      "version": "2.3.3",
      "resolved": "https://registry.npmjs.org/fsevents/-/fsevents-2.3.3.tgz",
      "integrity": "sha512-5xoDfX+fL7faATnagmWPpbFtwh/R77WmMMqqHGS65C3vvB0YHrgF+B1YmZ3441tMj5n63k0212XNoJwzlhffQw==",
      "dev": true,
      "hasInstallScript": true,
      "license": "MIT",
      "optional": true,
      "os": [
        "darwin"
      ],
      "engines": {
        "node": "^8.16.0 || ^10.6.0 || >=11.0.0"
      }
    },
    "node_modules/handlebars": {
      "version": "4.7.8",
      "dev": true,
      "license": "MIT",
      "dependencies": {
        "minimist": "^1.2.5",
        "neo-async": "^2.6.2",
        "source-map": "^0.6.1",
        "wordwrap": "^1.0.0"
      },
      "bin": {
        "handlebars": "bin/handlebars"
      },
      "engines": {
        "node": ">=0.4.7"
      },
      "optionalDependencies": {
        "uglify-js": "^3.1.4"
      }
    },
    "node_modules/husky": {
      "version": "9.1.7",
      "resolved": "https://registry.npmjs.org/husky/-/husky-9.1.7.tgz",
      "integrity": "sha512-5gs5ytaNjBrh5Ow3zrvdUUY+0VxIuWVL4i9irt6friV+BqdCfmV11CQTWMiBYWHbXhco+J1kHfTOUkePhCDvMA==",
      "dev": true,
      "bin": {
        "husky": "bin.js"
      },
      "engines": {
        "node": ">=18"
      },
      "funding": {
        "url": "https://github.com/sponsors/typicode"
      }
    },
    "node_modules/import-cwd": {
      "version": "3.0.0",
      "resolved": "https://registry.npmjs.org/import-cwd/-/import-cwd-3.0.0.tgz",
      "integrity": "sha512-4pnzH16plW+hgvRECbDWpQl3cqtvSofHWh44met7ESfZ8UZOWWddm8hEyDTqREJ9RbYHY8gi8DqmaelApoOGMg==",
      "dev": true,
      "dependencies": {
        "import-from": "^3.0.0"
      },
      "engines": {
        "node": ">=8"
      }
    },
    "node_modules/import-from": {
      "version": "3.0.0",
      "resolved": "https://registry.npmjs.org/import-from/-/import-from-3.0.0.tgz",
      "integrity": "sha512-CiuXOFFSzkU5x/CR0+z7T91Iht4CXgfCxVOFRhh2Zyhg5wOpWvvDLQUsWl+gcN+QscYBjez8hDCt85O7RLDttQ==",
      "dev": true,
      "dependencies": {
        "resolve-from": "^5.0.0"
      },
      "engines": {
        "node": ">=8"
      }
    },
    "node_modules/import-from/node_modules/resolve-from": {
      "version": "5.0.0",
      "resolved": "https://registry.npmjs.org/resolve-from/-/resolve-from-5.0.0.tgz",
      "integrity": "sha512-qYg9KP24dD5qka9J47d0aVky0N+b4fTU89LN9iDnjB5waksiC49rvMB0PrUJQGoTmH50XPiqOvAjDfaijGxYZw==",
      "dev": true,
      "engines": {
        "node": ">=8"
      }
    },
    "node_modules/minimist": {
      "version": "1.2.8",
      "dev": true,
      "license": "MIT",
      "funding": {
        "url": "https://github.com/sponsors/ljharb"
      }
    },
    "node_modules/neo-async": {
      "version": "2.6.2",
      "dev": true,
      "license": "MIT"
    },
    "node_modules/node-fetch": {
      "version": "2.7.0",
      "dev": true,
      "license": "MIT",
      "dependencies": {
        "whatwg-url": "^5.0.0"
      },
      "engines": {
        "node": "4.x || >=6.0.0"
      },
      "peerDependencies": {
        "encoding": "^0.1.0"
      },
      "peerDependenciesMeta": {
        "encoding": {
          "optional": true
        }
      }
    },
    "node_modules/oxfmt": {
      "version": "0.16.0",
      "resolved": "https://registry.npmjs.org/oxfmt/-/oxfmt-0.16.0.tgz",
      "integrity": "sha512-uRnnBAN0zH07FXSfvSKbIw+Jrohv4Px2RwNiZOGI4/pvns4sx0+k4WSt+tqwd7bDeoWaXiGmhZgnbK63hi6hVQ==",
      "dev": true,
      "license": "MIT",
      "bin": {
        "oxfmt": "bin/oxfmt"
      },
      "engines": {
        "node": "^20.19.0 || >=22.12.0"
      },
      "funding": {
        "url": "https://github.com/sponsors/Boshen"
      },
      "optionalDependencies": {
        "@oxfmt/darwin-arm64": "0.16.0",
        "@oxfmt/darwin-x64": "0.16.0",
        "@oxfmt/linux-arm64-gnu": "0.16.0",
        "@oxfmt/linux-arm64-musl": "0.16.0",
        "@oxfmt/linux-x64-gnu": "0.16.0",
        "@oxfmt/linux-x64-musl": "0.16.0",
        "@oxfmt/win32-arm64": "0.16.0",
        "@oxfmt/win32-x64": "0.16.0"
      }
    },
    "node_modules/oxlint": {
      "version": "0.16.12",
      "resolved": "https://registry.npmjs.org/oxlint/-/oxlint-0.16.12.tgz",
      "integrity": "sha512-1oN3P9bzE90zkbjLTc+uICVLwSR+eQaDaYVipS0BtmtmEd3ccQue0y7npCinb35YqKzIv1LZxhoU9nm5fgmQuw==",
      "dev": true,
      "license": "MIT",
      "bin": {
        "oxc_language_server": "bin/oxc_language_server",
        "oxlint": "bin/oxlint"
      },
      "engines": {
        "node": ">=8.*"
      },
      "funding": {
        "url": "https://github.com/sponsors/Boshen"
      },
      "optionalDependencies": {
        "@oxlint/darwin-arm64": "0.16.12",
        "@oxlint/darwin-x64": "0.16.12",
        "@oxlint/linux-arm64-gnu": "0.16.12",
        "@oxlint/linux-arm64-musl": "0.16.12",
        "@oxlint/linux-x64-gnu": "0.16.12",
        "@oxlint/linux-x64-musl": "0.16.12",
        "@oxlint/win32-arm64": "0.16.12",
        "@oxlint/win32-x64": "0.16.12"
      }
    },
    "node_modules/parse-github-url": {
      "version": "1.0.3",
      "resolved": "https://registry.npmjs.org/parse-github-url/-/parse-github-url-1.0.3.tgz",
      "integrity": "sha512-tfalY5/4SqGaV/GIGzWyHnFjlpTPTNpENR9Ea2lLldSJ8EWXMsvacWucqY3m3I4YPtas15IxTLQVQ5NSYXPrww==",
      "dev": true,
      "bin": {
        "parse-github-url": "cli.js"
      },
      "engines": {
        "node": ">= 0.10"
      }
    },
    "node_modules/rollup": {
      "version": "4.59.0",
      "resolved": "https://registry.npmjs.org/rollup/-/rollup-4.59.0.tgz",
      "integrity": "sha512-2oMpl67a3zCH9H79LeMcbDhXW/UmWG/y2zuqnF2jQq5uq9TbM9TVyXvA4+t+ne2IIkBdrLpAaRQAvo7YI/Yyeg==",
      "dev": true,
      "license": "MIT",
      "dependencies": {
        "@types/estree": "1.0.8"
      },
      "bin": {
        "rollup": "dist/bin/rollup"
      },
      "engines": {
        "node": ">=18.0.0",
        "npm": ">=8.0.0"
      },
      "optionalDependencies": {
        "@rollup/rollup-android-arm-eabi": "4.59.0",
        "@rollup/rollup-android-arm64": "4.59.0",
        "@rollup/rollup-darwin-arm64": "4.59.0",
        "@rollup/rollup-darwin-x64": "4.59.0",
        "@rollup/rollup-freebsd-arm64": "4.59.0",
        "@rollup/rollup-freebsd-x64": "4.59.0",
        "@rollup/rollup-linux-arm-gnueabihf": "4.59.0",
        "@rollup/rollup-linux-arm-musleabihf": "4.59.0",
        "@rollup/rollup-linux-arm64-gnu": "4.59.0",
        "@rollup/rollup-linux-arm64-musl": "4.59.0",
        "@rollup/rollup-linux-loong64-gnu": "4.59.0",
        "@rollup/rollup-linux-loong64-musl": "4.59.0",
        "@rollup/rollup-linux-ppc64-gnu": "4.59.0",
        "@rollup/rollup-linux-ppc64-musl": "4.59.0",
        "@rollup/rollup-linux-riscv64-gnu": "4.59.0",
        "@rollup/rollup-linux-riscv64-musl": "4.59.0",
        "@rollup/rollup-linux-s390x-gnu": "4.59.0",
        "@rollup/rollup-linux-x64-gnu": "4.59.0",
        "@rollup/rollup-linux-x64-musl": "4.59.0",
        "@rollup/rollup-openbsd-x64": "4.59.0",
        "@rollup/rollup-openharmony-arm64": "4.59.0",
        "@rollup/rollup-win32-arm64-msvc": "4.59.0",
        "@rollup/rollup-win32-ia32-msvc": "4.59.0",
        "@rollup/rollup-win32-x64-gnu": "4.59.0",
        "@rollup/rollup-win32-x64-msvc": "4.59.0",
        "fsevents": "~2.3.2"
      }
    },
    "node_modules/semver": {
      "version": "7.5.4",
      "dev": true,
      "license": "ISC",
      "dependencies": {
        "lru-cache": "^6.0.0"
      },
      "bin": {
        "semver": "bin/semver.js"
      },
      "engines": {
        "node": ">=10"
      }
    },
    "node_modules/semver/node_modules/lru-cache": {
      "version": "6.0.0",
      "dev": true,
      "license": "ISC",
      "dependencies": {
        "yallist": "^4.0.0"
      },
      "engines": {
        "node": ">=10"
      }
    },
    "node_modules/semver/node_modules/yallist": {
      "version": "4.0.0",
      "dev": true,
      "license": "ISC"
    },
    "node_modules/smob": {
      "version": "1.4.1",
      "dev": true,
      "license": "MIT"
    },
    "node_modules/source-map": {
      "version": "0.6.1",
      "dev": true,
      "license": "BSD-3-Clause",
      "engines": {
        "node": ">=0.10.0"
      }
    },
    "node_modules/source-map-support": {
      "version": "0.5.21",
      "dev": true,
      "license": "MIT",
      "dependencies": {
        "buffer-from": "^1.0.0",
        "source-map": "^0.6.0"
      }
    },
    "node_modules/terser": {
      "version": "5.21.0",
      "dev": true,
      "license": "BSD-2-Clause",
      "dependencies": {
        "@jridgewell/source-map": "^0.3.3",
        "acorn": "^8.8.2",
        "commander": "^2.20.0",
        "source-map-support": "~0.5.20"
      },
      "bin": {
        "terser": "bin/terser"
      },
      "engines": {
        "node": ">=10"
      }
    },
    "node_modules/terser/node_modules/commander": {
      "version": "2.20.3",
      "dev": true,
      "license": "MIT"
    },
    "node_modules/tinybench": {
      "version": "6.0.0",
      "resolved": "https://registry.npmjs.org/tinybench/-/tinybench-6.0.0.tgz",
      "integrity": "sha512-BWlWpVbbZXaYjRV0twGLNQO00Zj4HA/sjLOQP2IvzQqGwRGp+2kh7UU3ijyJ3ywFRogYDRbiHDMrUOfaMnN56g==",
      "dev": true,
      "license": "MIT",
      "engines": {
        "node": ">=20.0.0"
      }
    },
    "node_modules/tr46": {
      "version": "0.0.3",
      "dev": true,
      "license": "MIT"
    },
    "node_modules/uglify-js": {
      "version": "3.17.4",
      "dev": true,
      "license": "BSD-2-Clause",
      "optional": true,
      "bin": {
        "uglifyjs": "bin/uglifyjs"
      },
      "engines": {
        "node": ">=0.8.0"
      }
    },
    "node_modules/webidl-conversions": {
      "version": "3.0.1",
      "dev": true,
      "license": "BSD-2-Clause"
    },
    "node_modules/whatwg-url": {
      "version": "5.0.0",
      "dev": true,
      "license": "MIT",
      "dependencies": {
        "tr46": "~0.0.3",
        "webidl-conversions": "^3.0.0"
      }
    },
    "node_modules/wordwrap": {
      "version": "1.0.0",
      "dev": true,
      "license": "MIT"
    }
  }
}
